
Microsoft Visual Studio Solution File, Format Version 12.00
# Visual Studio Version 17
VisualStudioVersion = 17.2.32630.192
MinimumVisualStudioVersion = 10.0.40219.1
Project("{FAE04EC0-301F-11D3-BF4B-00C04F79EFBC}") = "OOPgrunderna", "OOPgrunderna.csproj", "{8E18E525-76F6-4A17-A4A1-20FB3D0AF98C}"
EndProject
Global
	GlobalSection(SolutionConfigurationPlatforms) = preSolution
		Debug|Any CPU = Debug|Any CPU
		Release|Any CPU = Release|Any CPU
	EndGlobalSection
	GlobalSection(ProjectConfigurationPlatforms) = postSolution
		{8E18E525-76F6-4A17-A4A1-20FB3D0AF98C}.Debug|Any CPU.ActiveCfg = Debug|Any CPU
		{8E18E525-76F6-4A17-A4A1-20FB3D0AF98C}.Debug|Any CPU.Build.0 = Debug|Any CPU
		{8E18E525-76F6-4A17-A4A1-20FB3D0AF98C}.Release|Any CPU.ActiveCfg = Release|Any CPU
		{8E18E525-76F6-4A17-A4A1-20FB3D0AF98C}.Release|Any CPU.Build.0 = Release|Any CPU
	EndGlobalSection
	GlobalSection(SolutionProperties) = preSolution
		HideSolutionNode = FALSE
	EndGlobalSection
	GlobalSection(ExtensibilityGlobals) = postSolution
		SolutionGuid = {41DC8578-703A-493F-8F69-5832EA2E8167}
	EndGlobalSection
EndGlobal
